{
  "object": {
    "pins": [
      {
        "package": "swift-argument-parser",
        "repositoryURL": "https://github.com/apple/swift-argument-parser",
        "state": {
          "branch": null,
          "revision": "0fbc8848e389af3bb55c182bc19ca9d5dc2f255b",
          "version": "1.4.0"
        }
      },
      {
        "package": "swift-blocks",
        "repositoryURL": "https://github.com/dirtyhenry/swift-blocks",
        "state": {
          "branch": null,
          "revision": "8a15ed6586db12bd404a458ee1c64406943d28e9",
          "version": "0.4.0"
        }
      }
    ]
  },
  "version": 1
}
