{
  "object": {
    "pins": [
      {
        "package": "SwiftCLI",
        "repositoryURL": "https://github.com/jakeheis/SwiftCLI",
        "state": {
          "branch": null,
          "revision": "2816678bcc37f4833d32abeddbdf5e757fa891d8",
          "version": "6.0.2"
        }
      }
    ]
  },
  "version": 1
}
