{
  "pins" : [
    {
      "identity" : "swift-argument-parser",
      "kind" : "remoteSourceControl",
      "location" : "https://github.com/apple/swift-argument-parser",
      "state" : {
        "revision" : "41982a3656a71c768319979febd796c6fd111d5c",
        "version" : "1.5.0"
      }
    },
    {
      "identity" : "swift-blocks",
      "kind" : "remoteSourceControl",
      "location" : "https://github.com/dirtyhenry/swift-blocks",
      "state" : {
        "branch" : "main",
        "revision" : "ee7ff8205853d96feb0ea2a395835b8dc243897f"
      }
    }
  ],
  "version" : 2
}
